
Microsoft Visual Studio Solution File, Format Version 12.00
# Visual Studio 15
VisualStudioVersion = 15.0.26730.12
MinimumVisualStudioVersion = 10.0.40219.1
Project("{FAE04EC0-301F-11D3-BF4B-00C04F79EFBC}") = "Battleships.ExamplePlayer", "Battleships.ExamplePlayer.csproj", "{21A20FC7-E30F-451F-B562-69768FBBEF4E}"
EndProject
Project("{2150E333-8FDC-42A3-9474-1A3956D46DE8}") = ".nuget", ".nuget", "{49BD91A7-4D5E-4639-B4F9-12707E23A009}"
	ProjectSection(SolutionItems) = preProject
		.nuget\NuGet.Config = .nuget\NuGet.Config
		.nuget\NuGet.exe = .nuget\NuGet.exe
		.nuget\NuGet.targets = .nuget\NuGet.targets
	EndProjectSection
EndProject
Project("{FAE04EC0-301F-11D3-BF4B-00C04F79EFBC}") = "Battleships.ConsoleApp", "..\Battleships.ConsoleApp\Battleships.ConsoleApp.csproj", "{AFFAC0B4-7D9F-4158-8F34-27DBF4CB98E0}"
EndProject
Global
	GlobalSection(SolutionConfigurationPlatforms) = preSolution
		Debug|Any CPU = Debug|Any CPU
		Release|Any CPU = Release|Any CPU
	EndGlobalSection
	GlobalSection(ProjectConfigurationPlatforms) = postSolution
		{21A20FC7-E30F-451F-B562-69768FBBEF4E}.Debug|Any CPU.ActiveCfg = Debug|Any CPU
		{21A20FC7-E30F-451F-B562-69768FBBEF4E}.Debug|Any CPU.Build.0 = Debug|Any CPU
		{21A20FC7-E30F-451F-B562-69768FBBEF4E}.Release|Any CPU.ActiveCfg = Release|Any CPU
		{21A20FC7-E30F-451F-B562-69768FBBEF4E}.Release|Any CPU.Build.0 = Release|Any CPU
		{AFFAC0B4-7D9F-4158-8F34-27DBF4CB98E0}.Debug|Any CPU.ActiveCfg = Debug|Any CPU
		{AFFAC0B4-7D9F-4158-8F34-27DBF4CB98E0}.Debug|Any CPU.Build.0 = Debug|Any CPU
		{AFFAC0B4-7D9F-4158-8F34-27DBF4CB98E0}.Release|Any CPU.ActiveCfg = Release|Any CPU
		{AFFAC0B4-7D9F-4158-8F34-27DBF4CB98E0}.Release|Any CPU.Build.0 = Release|Any CPU
	EndGlobalSection
	GlobalSection(SolutionProperties) = preSolution
		HideSolutionNode = FALSE
	EndGlobalSection
	GlobalSection(ExtensibilityGlobals) = postSolution
		SolutionGuid = {46ABB6C9-58C8-41E4-928D-9989145803BC}
	EndGlobalSection
EndGlobal
